
Microsoft Visual Studio Solution File, Format Version 12.00
# Visual Studio Version 16
VisualStudioVersion = 16.0.28809.33
MinimumVisualStudioVersion = 10.0.40219.1
Project("{FAE04EC0-301F-11D3-BF4B-00C04F79EFBC}") = "Challenge_2_1", "Challenge_2_1\Challenge_2_1.csproj", "{784F564F-91A9-4710-BD18-16214FCAC17C}"
EndProject
Global
	GlobalSection(SolutionConfigurationPlatforms) = preSolution
		Debug|Any CPU = Debug|Any CPU
		Release|Any CPU = Release|Any CPU
	EndGlobalSection
	GlobalSection(ProjectConfigurationPlatforms) = postSolution
		{784F564F-91A9-4710-BD18-16214FCAC17C}.Debug|Any CPU.ActiveCfg = Debug|Any CPU
		{784F564F-91A9-4710-BD18-16214FCAC17C}.Debug|Any CPU.Build.0 = Debug|Any CPU
		{784F564F-91A9-4710-BD18-16214FCAC17C}.Release|Any CPU.ActiveCfg = Release|Any CPU
		{784F564F-91A9-4710-BD18-16214FCAC17C}.Release|Any CPU.Build.0 = Release|Any CPU
	EndGlobalSection
	GlobalSection(SolutionProperties) = preSolution
		HideSolutionNode = FALSE
	EndGlobalSection
	GlobalSection(ExtensibilityGlobals) = postSolution
		SolutionGuid = {C4D55D5D-D22F-451C-8262-BCBC0DD9DC1F}
	EndGlobalSection
EndGlobal
